schema: '2.0'
stages:
  dataIngestion:
    cmd: python .\src\dataIngestion.py
    deps:
    - path: .\src\dataIngestion.py
      hash: md5
      md5: d38aa3ab99db21cd4331bda7b70f8d65
      size: 3662
    params:
      params.yaml:
        dataIngestion.test_size: 0.22
    outs:
    - path: data\raw
      hash: md5
      md5: e2869016de0a48917018751402d40b80.dir
      size: 484846
      nfiles: 2
  dataPreProcessing:
    cmd: python .\src\dataPreProcessing.py
    deps:
    - path: .\src\dataPreProcessing.py
      hash: md5
      md5: 839488526f4c9dd9aca19ddc5822ecad
      size: 4009
    - path: data\raw
      hash: md5
      md5: e2869016de0a48917018751402d40b80.dir
      size: 484846
      nfiles: 2
    outs:
    - path: data\interim
      hash: md5
      md5: 81d80390b3d56aed6d23c25eb73c7363.dir
      size: 260811
      nfiles: 2
  featureEngineering:
    cmd: python .\src\featureEngineering.py
    deps:
    - path: .\src\featureEngineering.py
      hash: md5
      md5: 7e9363d37459a67233e7dd8d6e5ee7a7
      size: 3921
    - path: data\interim
      hash: md5
      md5: 81d80390b3d56aed6d23c25eb73c7363.dir
      size: 260811
      nfiles: 2
    params:
      params.yaml:
        featureEngineering.max_features: 47
    outs:
    - path: data\processed
      hash: md5
      md5: ec25361c0eee77626ecc178bcc08550d.dir
      size: 1112935
      nfiles: 2
  modelTraining:
    cmd: python .\src\modelTraining.py
    deps:
    - path: .\src\modelTraining.py
      hash: md5
      md5: c3604f0fc942e0dfbb7f244994308a7e
      size: 4494
    - path: data\processed
      hash: md5
      md5: ec25361c0eee77626ecc178bcc08550d.dir
      size: 1112935
      nfiles: 2
    params:
      params.yaml:
        modelTraining.n_estimators: 23
        modelTraining.random_state: 2
    outs:
    - path: models\model.pkl
      hash: md5
      md5: 4616cd7b73502fa8c16be686dbaa74ea
      size: 886792
  modelEvaluation:
    cmd: python .\src\modelEvaluation.py
    deps:
    - path: .\src\modelEvaluation.py
      hash: md5
      md5: 722781bcaf8807115552a876b2b96be2
      size: 4649
    - path: models\model.pkl
      hash: md5
      md5: 4616cd7b73502fa8c16be686dbaa74ea
      size: 886792
    outs:
    - path: reports\metrics.json
      hash: md5
      md5: 85d497be25d97f817a62325804219a97
      size: 144
