schema: '2.0'
stages:
  dataIngestion:
    cmd: python .\src\dataIngestion.py
    deps:
    - path: .\src\dataIngestion.py
      hash: md5
      md5: d38aa3ab99db21cd4331bda7b70f8d65
      size: 3662
    params:
      params.yaml:
        dataIngestion.test_size: 0.3
    outs:
    - path: data\raw
      hash: md5
      md5: d26befd2dda9438254177d9000d9ba1f.dir
      size: 484846
      nfiles: 2
  dataPreProcessing:
    cmd: python .\src\dataPreProcessing.py
    deps:
    - path: .\src\dataPreProcessing.py
      hash: md5
      md5: c9dc6192ca5a6fc8e7e6c8120bcbebae
      size: 4010
    - path: data\raw
      hash: md5
      md5: d26befd2dda9438254177d9000d9ba1f.dir
      size: 484846
      nfiles: 2
    outs:
    - path: data\interim
      hash: md5
      md5: 61ca13b2e20854a1f7bacbbcfeca409e.dir
      size: 262513
      nfiles: 2
  featureEngineering:
    cmd: python .\src\featureEngineering.py
    deps:
    - path: .\src\featureEngineering.py
      hash: md5
      md5: ff105a4ab7f7a39d8b0191c6973363ab
      size: 3922
    - path: data\interim
      hash: md5
      md5: 61ca13b2e20854a1f7bacbbcfeca409e.dir
      size: 262513
      nfiles: 2
    params:
      params.yaml:
        featureEngineering.max_features: 50
    outs:
    - path: data\processed
      hash: md5
      md5: 16fc8fd2b9933fd1b619917c03842d4c.dir
      size: 1187836
      nfiles: 2
  modelTraining:
    cmd: python .\src\modelTraining.py
    deps:
    - path: .\src\modelTraining.py
      hash: md5
      md5: c3604f0fc942e0dfbb7f244994308a7e
      size: 4494
    - path: data\processed
      hash: md5
      md5: 16fc8fd2b9933fd1b619917c03842d4c.dir
      size: 1187836
      nfiles: 2
    params:
      params.yaml:
        modelTraining.n_estimators: 25
        modelTraining.random_state: 2
    outs:
    - path: models\model.pkl
      hash: md5
      md5: 199aecb6f17c679592bac98d433da36c
      size: 890615
  modelEvaluation:
    cmd: python .\src\modelEvaluation.py
    deps:
    - path: .\src\modelEvaluation.py
      hash: md5
      md5: f78d8cec77c884f9ec4b97e63a71cd2c
      size: 4684
    - path: models\model.pkl
      hash: md5
      md5: 199aecb6f17c679592bac98d433da36c
      size: 890615
    outs:
    - path: reports\metrics.json
      hash: md5
      md5: 8303f9f64dc773faa085d420c702964e
      size: 145
