schema: '2.0'
stages:
  dataIngestion:
    cmd: python .\src\dataIngestion.py
    deps:
    - path: .\src\dataIngestion.py
      hash: md5
      md5: 5ed1663011f8fb5f1ed9ff2647fc3cee
      size: 3652
    outs:
    - path: data\raw
      hash: md5
      md5: 1a287d34dc172d9f950c03dae35f7e73.dir
      size: 484846
      nfiles: 2
  dataPreProcessing:
    cmd: python .\src\dataPreProcessing.py
    deps:
    - path: .\src\dataPreProcessing.py
      hash: md5
      md5: 839488526f4c9dd9aca19ddc5822ecad
      size: 4009
    - path: data\raw
      hash: md5
      md5: 1a287d34dc172d9f950c03dae35f7e73.dir
      size: 484846
      nfiles: 2
    outs:
    - path: data\interim
      hash: md5
      md5: d99be5cb2b019d747166f90739fa6d08.dir
      size: 260073
      nfiles: 2
  featureEngineering:
    cmd: python .\src\featureEngineering.py
    deps:
    - path: .\src\featureEngineering.py
      hash: md5
      md5: 90431c34c4e7191f6a85f15cdc7d8b4a
      size: 3909
    - path: data\interim
      hash: md5
      md5: d99be5cb2b019d747166f90739fa6d08.dir
      size: 260073
      nfiles: 2
    outs:
    - path: data\processed
      hash: md5
      md5: 75e218e1ef3eca0fbee7bf147502a2e7.dir
      size: 1179996
      nfiles: 2
  modelTraining:
    cmd: python .\src\modelTraining.py
    deps:
    - path: .\src\modelTraining.py
      hash: md5
      md5: 4f3a0383f4633dcbf00c36eefa166918
      size: 4480
    - path: data\processed
      hash: md5
      md5: 75e218e1ef3eca0fbee7bf147502a2e7.dir
      size: 1179996
      nfiles: 2
    outs:
    - path: models\model.pkl
      hash: md5
      md5: 7385b7e910c4db2087d7ed59b8e21488
      size: 998455
  modelEvaluation:
    cmd: python .\src\modelEvaluation.py
    deps:
    - path: .\src\modelEvaluation.py
      hash: md5
      md5: bda3c52da5e61eedf825d1bd83351dc3
      size: 4651
    - path: models\model.pkl
      hash: md5
      md5: 7385b7e910c4db2087d7ed59b8e21488
      size: 998455
    outs:
    - path: reports\metrics.json
      hash: md5
      md5: eac6afc8901064a391e7366797af3727
      size: 145
